
Microsoft Visual Studio Solution File, Format Version 12.00
# Visual Studio 2013
VisualStudioVersion = 12.0.21005.1
MinimumVisualStudioVersion = 10.0.40219.1
Project("{FAE04EC0-301F-11D3-BF4B-00C04F79EFBC}") = "DemoApp", "DemoApp\DemoApp.csproj", "{2E3839C8-8EEC-4AF2-89C9-08FC1E45F763}"
EndProject
Project("{FAE04EC0-301F-11D3-BF4B-00C04F79EFBC}") = "CodedUITestProject", "CodedUITestProject\CodedUITestProject.csproj", "{868C1888-4B77-43D9-B675-BA5413B46048}"
EndProject
Global
	GlobalSection(SolutionConfigurationPlatforms) = preSolution
		Debug|Any CPU = Debug|Any CPU
		Release|Any CPU = Release|Any CPU
	EndGlobalSection
	GlobalSection(ProjectConfigurationPlatforms) = postSolution
		{2E3839C8-8EEC-4AF2-89C9-08FC1E45F763}.Debug|Any CPU.ActiveCfg = Debug|Any CPU
		{2E3839C8-8EEC-4AF2-89C9-08FC1E45F763}.Debug|Any CPU.Build.0 = Debug|Any CPU
		{2E3839C8-8EEC-4AF2-89C9-08FC1E45F763}.Release|Any CPU.ActiveCfg = Release|Any CPU
		{2E3839C8-8EEC-4AF2-89C9-08FC1E45F763}.Release|Any CPU.Build.0 = Release|Any CPU
		{868C1888-4B77-43D9-B675-BA5413B46048}.Debug|Any CPU.ActiveCfg = Debug|Any CPU
		{868C1888-4B77-43D9-B675-BA5413B46048}.Debug|Any CPU.Build.0 = Debug|Any CPU
		{868C1888-4B77-43D9-B675-BA5413B46048}.Release|Any CPU.ActiveCfg = Release|Any CPU
		{868C1888-4B77-43D9-B675-BA5413B46048}.Release|Any CPU.Build.0 = Release|Any CPU
	EndGlobalSection
	GlobalSection(SolutionProperties) = preSolution
		HideSolutionNode = FALSE
	EndGlobalSection
EndGlobal
